
Microsoft Visual Studio Solution File, Format Version 12.00
# Visual Studio Version 17
VisualStudioVersion = 17.4.33006.217
MinimumVisualStudioVersion = 10.0.40219.1
Project("{9A19103F-16F7-4668-BE54-9A1E7A4F7556}") = "OOP_Giris", "OOP_Giris\OOP_Giris.csproj", "{C441B7E4-B4F6-4A1A-A7A3-ACB3E4E03333}"
EndProject
Project("{9A19103F-16F7-4668-BE54-9A1E7A4F7556}") = "2_Class_AnotherProject", "2_Class_AnotherProject\2_Class_AnotherProject.csproj", "{E4873C90-FD42-4351-9859-13E402AC8FF5}"
EndProject
Project("{9A19103F-16F7-4668-BE54-9A1E7A4F7556}") = "3_EnCapsulation", "3_EnCapsulation\3_EnCapsulation.csproj", "{53610A72-4B08-4ECE-BD43-8B2FA357B553}"
EndProject
Project("{9A19103F-16F7-4668-BE54-9A1E7A4F7556}") = "4_Kalitim", "4_Kalitim\4_Kalitim.csproj", "{D411CD6A-B1F2-46CD-92CD-3DF44B33FBA2}"
EndProject
Project("{FAE04EC0-301F-11D3-BF4B-00C04F79EFBC}") = "5_Interface", "5_Interface\5_Interface.csproj", "{6F562366-E187-4A91-B1F0-36063165B92E}"
EndProject
Project("{FAE04EC0-301F-11D3-BF4B-00C04F79EFBC}") = "6_OppLab", "InterfaceOrnekPhone\6_OppLab.csproj", "{7B14DF37-BD9D-4401-B245-5C96F13B3CCE}"
EndProject
Project("{9A19103F-16F7-4668-BE54-9A1E7A4F7556}") = "7_InterfaceLab", "7_InterfaceLab\7_InterfaceLab.csproj", "{F4954CEA-518D-41BE-B1F8-DD8EA69FB421}"
EndProject
Project("{9A19103F-16F7-4668-BE54-9A1E7A4F7556}") = "8_AbstractClass", "8_AbstractClass\8_AbstractClass.csproj", "{84C05B90-3804-4182-809D-BB519F3287CD}"
EndProject
Project("{9A19103F-16F7-4668-BE54-9A1E7A4F7556}") = "9_Polimorfizm", "9_Polimorfizm\9_Polimorfizm.csproj", "{08811778-4DF8-46AC-87A8-EC29F6B5B0B1}"
EndProject
Project("{9A19103F-16F7-4668-BE54-9A1E7A4F7556}") = "10_Delegate", "10_Delegate\10_Delegate.csproj", "{6E950052-F545-46D0-8F30-516A32C20426}"
EndProject
Project("{FAE04EC0-301F-11D3-BF4B-00C04F79EFBC}") = "11_Event", "11_Event\11_Event.csproj", "{C660F014-BCF1-4AC7-8E20-55267F284825}"
EndProject
Project("{9A19103F-16F7-4668-BE54-9A1E7A4F7556}") = "11_EventYangin", "11_EventYangin\11_EventYangin.csproj", "{F32415AE-EC9D-43FB-9D45-3ADD9103F557}"
EndProject
Project("{9A19103F-16F7-4668-BE54-9A1E7A4F7556}") = "11_EventAraba", "11_EventAraba\11_EventAraba.csproj", "{B72BEF79-13B2-463E-8E09-8BD09843FA05}"
EndProject
Project("{9A19103F-16F7-4668-BE54-9A1E7A4F7556}") = "11_EventBomba", "11_EventBomba\11_EventBomba.csproj", "{7240CA0E-FE5C-41FD-B416-0FAB24278FAC}"
EndProject
Project("{9A19103F-16F7-4668-BE54-9A1E7A4F7556}") = "11_EventKumanda", "11_EventKumanda\11_EventKumanda.csproj", "{540F446A-65D9-4EFD-9246-B948159A6F33}"
EndProject
Project("{FAE04EC0-301F-11D3-BF4B-00C04F79EFBC}") = "12_SiparisOtomasyon", "12_SiparisOtomasyon\12_SiparisOtomasyon.csproj", "{458F548E-0E3D-44D9-8E34-6ACE0920F7E6}"
EndProject
Global
	GlobalSection(SolutionConfigurationPlatforms) = preSolution
		Debug|Any CPU = Debug|Any CPU
		Release|Any CPU = Release|Any CPU
	EndGlobalSection
	GlobalSection(ProjectConfigurationPlatforms) = postSolution
		{C441B7E4-B4F6-4A1A-A7A3-ACB3E4E03333}.Debug|Any CPU.ActiveCfg = Debug|Any CPU
		{C441B7E4-B4F6-4A1A-A7A3-ACB3E4E03333}.Debug|Any CPU.Build.0 = Debug|Any CPU
		{C441B7E4-B4F6-4A1A-A7A3-ACB3E4E03333}.Release|Any CPU.ActiveCfg = Release|Any CPU
		{C441B7E4-B4F6-4A1A-A7A3-ACB3E4E03333}.Release|Any CPU.Build.0 = Release|Any CPU
		{E4873C90-FD42-4351-9859-13E402AC8FF5}.Debug|Any CPU.ActiveCfg = Debug|Any CPU
		{E4873C90-FD42-4351-9859-13E402AC8FF5}.Debug|Any CPU.Build.0 = Debug|Any CPU
		{E4873C90-FD42-4351-9859-13E402AC8FF5}.Release|Any CPU.ActiveCfg = Release|Any CPU
		{E4873C90-FD42-4351-9859-13E402AC8FF5}.Release|Any CPU.Build.0 = Release|Any CPU
		{53610A72-4B08-4ECE-BD43-8B2FA357B553}.Debug|Any CPU.ActiveCfg = Debug|Any CPU
		{53610A72-4B08-4ECE-BD43-8B2FA357B553}.Debug|Any CPU.Build.0 = Debug|Any CPU
		{53610A72-4B08-4ECE-BD43-8B2FA357B553}.Release|Any CPU.ActiveCfg = Release|Any CPU
		{53610A72-4B08-4ECE-BD43-8B2FA357B553}.Release|Any CPU.Build.0 = Release|Any CPU
		{D411CD6A-B1F2-46CD-92CD-3DF44B33FBA2}.Debug|Any CPU.ActiveCfg = Debug|Any CPU
		{D411CD6A-B1F2-46CD-92CD-3DF44B33FBA2}.Debug|Any CPU.Build.0 = Debug|Any CPU
		{D411CD6A-B1F2-46CD-92CD-3DF44B33FBA2}.Release|Any CPU.ActiveCfg = Release|Any CPU
		{D411CD6A-B1F2-46CD-92CD-3DF44B33FBA2}.Release|Any CPU.Build.0 = Release|Any CPU
		{6F562366-E187-4A91-B1F0-36063165B92E}.Debug|Any CPU.ActiveCfg = Debug|Any CPU
		{6F562366-E187-4A91-B1F0-36063165B92E}.Debug|Any CPU.Build.0 = Debug|Any CPU
		{6F562366-E187-4A91-B1F0-36063165B92E}.Release|Any CPU.ActiveCfg = Release|Any CPU
		{6F562366-E187-4A91-B1F0-36063165B92E}.Release|Any CPU.Build.0 = Release|Any CPU
		{7B14DF37-BD9D-4401-B245-5C96F13B3CCE}.Debug|Any CPU.ActiveCfg = Debug|Any CPU
		{7B14DF37-BD9D-4401-B245-5C96F13B3CCE}.Debug|Any CPU.Build.0 = Debug|Any CPU
		{7B14DF37-BD9D-4401-B245-5C96F13B3CCE}.Release|Any CPU.ActiveCfg = Release|Any CPU
		{7B14DF37-BD9D-4401-B245-5C96F13B3CCE}.Release|Any CPU.Build.0 = Release|Any CPU
		{F4954CEA-518D-41BE-B1F8-DD8EA69FB421}.Debug|Any CPU.ActiveCfg = Debug|Any CPU
		{F4954CEA-518D-41BE-B1F8-DD8EA69FB421}.Debug|Any CPU.Build.0 = Debug|Any CPU
		{F4954CEA-518D-41BE-B1F8-DD8EA69FB421}.Release|Any CPU.ActiveCfg = Release|Any CPU
		{F4954CEA-518D-41BE-B1F8-DD8EA69FB421}.Release|Any CPU.Build.0 = Release|Any CPU
		{84C05B90-3804-4182-809D-BB519F3287CD}.Debug|Any CPU.ActiveCfg = Debug|Any CPU
		{84C05B90-3804-4182-809D-BB519F3287CD}.Debug|Any CPU.Build.0 = Debug|Any CPU
		{84C05B90-3804-4182-809D-BB519F3287CD}.Release|Any CPU.ActiveCfg = Release|Any CPU
		{84C05B90-3804-4182-809D-BB519F3287CD}.Release|Any CPU.Build.0 = Release|Any CPU
		{08811778-4DF8-46AC-87A8-EC29F6B5B0B1}.Debug|Any CPU.ActiveCfg = Debug|Any CPU
		{08811778-4DF8-46AC-87A8-EC29F6B5B0B1}.Debug|Any CPU.Build.0 = Debug|Any CPU
		{08811778-4DF8-46AC-87A8-EC29F6B5B0B1}.Release|Any CPU.ActiveCfg = Release|Any CPU
		{08811778-4DF8-46AC-87A8-EC29F6B5B0B1}.Release|Any CPU.Build.0 = Release|Any CPU
		{6E950052-F545-46D0-8F30-516A32C20426}.Debug|Any CPU.ActiveCfg = Debug|Any CPU
		{6E950052-F545-46D0-8F30-516A32C20426}.Debug|Any CPU.Build.0 = Debug|Any CPU
		{6E950052-F545-46D0-8F30-516A32C20426}.Release|Any CPU.ActiveCfg = Release|Any CPU
		{6E950052-F545-46D0-8F30-516A32C20426}.Release|Any CPU.Build.0 = Release|Any CPU
		{C660F014-BCF1-4AC7-8E20-55267F284825}.Debug|Any CPU.ActiveCfg = Debug|Any CPU
		{C660F014-BCF1-4AC7-8E20-55267F284825}.Debug|Any CPU.Build.0 = Debug|Any CPU
		{C660F014-BCF1-4AC7-8E20-55267F284825}.Release|Any CPU.ActiveCfg = Release|Any CPU
		{C660F014-BCF1-4AC7-8E20-55267F284825}.Release|Any CPU.Build.0 = Release|Any CPU
		{F32415AE-EC9D-43FB-9D45-3ADD9103F557}.Debug|Any CPU.ActiveCfg = Debug|Any CPU
		{F32415AE-EC9D-43FB-9D45-3ADD9103F557}.Debug|Any CPU.Build.0 = Debug|Any CPU
		{F32415AE-EC9D-43FB-9D45-3ADD9103F557}.Release|Any CPU.ActiveCfg = Release|Any CPU
		{F32415AE-EC9D-43FB-9D45-3ADD9103F557}.Release|Any CPU.Build.0 = Release|Any CPU
		{B72BEF79-13B2-463E-8E09-8BD09843FA05}.Debug|Any CPU.ActiveCfg = Debug|Any CPU
		{B72BEF79-13B2-463E-8E09-8BD09843FA05}.Debug|Any CPU.Build.0 = Debug|Any CPU
		{B72BEF79-13B2-463E-8E09-8BD09843FA05}.Release|Any CPU.ActiveCfg = Release|Any CPU
		{B72BEF79-13B2-463E-8E09-8BD09843FA05}.Release|Any CPU.Build.0 = Release|Any CPU
		{7240CA0E-FE5C-41FD-B416-0FAB24278FAC}.Debug|Any CPU.ActiveCfg = Debug|Any CPU
		{7240CA0E-FE5C-41FD-B416-0FAB24278FAC}.Debug|Any CPU.Build.0 = Debug|Any CPU
		{7240CA0E-FE5C-41FD-B416-0FAB24278FAC}.Release|Any CPU.ActiveCfg = Release|Any CPU
		{7240CA0E-FE5C-41FD-B416-0FAB24278FAC}.Release|Any CPU.Build.0 = Release|Any CPU
		{540F446A-65D9-4EFD-9246-B948159A6F33}.Debug|Any CPU.ActiveCfg = Debug|Any CPU
		{540F446A-65D9-4EFD-9246-B948159A6F33}.Debug|Any CPU.Build.0 = Debug|Any CPU
		{540F446A-65D9-4EFD-9246-B948159A6F33}.Release|Any CPU.ActiveCfg = Release|Any CPU
		{540F446A-65D9-4EFD-9246-B948159A6F33}.Release|Any CPU.Build.0 = Release|Any CPU
		{458F548E-0E3D-44D9-8E34-6ACE0920F7E6}.Debug|Any CPU.ActiveCfg = Debug|Any CPU
		{458F548E-0E3D-44D9-8E34-6ACE0920F7E6}.Debug|Any CPU.Build.0 = Debug|Any CPU
		{458F548E-0E3D-44D9-8E34-6ACE0920F7E6}.Release|Any CPU.ActiveCfg = Release|Any CPU
		{458F548E-0E3D-44D9-8E34-6ACE0920F7E6}.Release|Any CPU.Build.0 = Release|Any CPU
	EndGlobalSection
	GlobalSection(SolutionProperties) = preSolution
		HideSolutionNode = FALSE
	EndGlobalSection
	GlobalSection(ExtensibilityGlobals) = postSolution
		SolutionGuid = {6B087444-D3CF-42B7-8E83-C0435887832B}
	EndGlobalSection
EndGlobal
